{
  "name": "hexo-site",
  "version": "0.0.0",
  "lockfileVersion": 1,
  "dependencies": {
    "ejs": {
      "version": "1.0.0",
      "resolved": "https://registry.npmjs.org/ejs/-/ejs-1.0.0.tgz",
      "integrity": "sha1-ycYKSKRu5FL7MqccMXuV5aofyz0="
    },
    "hexo-generator-searchdb": {
      "version": "1.0.7",
      "resolved": "https://registry.npmjs.org/hexo-generator-searchdb/-/hexo-generator-searchdb-1.0.7.tgz",
      "integrity": "sha1-G6YuLGJQERLNHyuloW6Y5hkSTVQ="
    },
    "striptags": {
      "version": "3.0.1",
      "resolved": "https://registry.npmjs.org/striptags/-/striptags-3.0.1.tgz",
      "integrity": "sha1-SPDWkyVJxHuzWCkgyHUnz0mhYME="
    },
    "utils-merge": {
      "version": "1.0.0",
      "resolved": "https://registry.npmjs.org/utils-merge/-/utils-merge-1.0.0.tgz",
      "integrity": "sha1-ApT7kiu5N1FTVBxPcJYjHyh8ivg="
    }
  }
}
